
Microsoft Visual Studio Solution File, Format Version 12.00
# Visual Studio 15
VisualStudioVersion = 15.0.26430.6
MinimumVisualStudioVersion = 10.0.40219.1
Project("{888888A0-9F3D-457C-B088-3A5042F75D52}") = "11_ForLoopWithTurtle", "11_ForLoopWithTurtle\11_ForLoopWithTurtle.pyproj", "{EA5FDB4B-049B-4713-A043-22052987557D}"
EndProject
Global
	GlobalSection(SolutionConfigurationPlatforms) = preSolution
		Debug|Any CPU = Debug|Any CPU
		Release|Any CPU = Release|Any CPU
	EndGlobalSection
	GlobalSection(ProjectConfigurationPlatforms) = postSolution
		{EA5FDB4B-049B-4713-A043-22052987557D}.Debug|Any CPU.ActiveCfg = Debug|Any CPU
		{EA5FDB4B-049B-4713-A043-22052987557D}.Release|Any CPU.ActiveCfg = Release|Any CPU
	EndGlobalSection
	GlobalSection(SolutionProperties) = preSolution
		HideSolutionNode = FALSE
	EndGlobalSection
EndGlobal
