
Microsoft Visual Studio Solution File, Format Version 12.00
# Visual Studio 15
VisualStudioVersion = 15.0.26430.6
MinimumVisualStudioVersion = 10.0.40219.1
Project("{888888A0-9F3D-457C-B088-3A5042F75D52}") = "06_SimpleSalaryCalculate", "06_SimpleSalaryCalculate\06_SimpleSalaryCalculate.pyproj", "{18268A64-59B1-4A68-9D44-D91B7C022502}"
EndProject
Global
	GlobalSection(SolutionConfigurationPlatforms) = preSolution
		Debug|Any CPU = Debug|Any CPU
		Release|Any CPU = Release|Any CPU
	EndGlobalSection
	GlobalSection(ProjectConfigurationPlatforms) = postSolution
		{18268A64-59B1-4A68-9D44-D91B7C022502}.Debug|Any CPU.ActiveCfg = Debug|Any CPU
		{18268A64-59B1-4A68-9D44-D91B7C022502}.Release|Any CPU.ActiveCfg = Release|Any CPU
	EndGlobalSection
	GlobalSection(SolutionProperties) = preSolution
		HideSolutionNode = FALSE
	EndGlobalSection
EndGlobal
